
Microsoft Visual Studio Solution File, Format Version 12.00
# Visual Studio 14
VisualStudioVersion = 14.0.25420.1
MinimumVisualStudioVersion = 10.0.40219.1
Project("{FAE04EC0-301F-11D3-BF4B-00C04F79EFBC}") = "ConsoleApplication1", "ConsoleApplication1\ConsoleApplication1.csproj", "{127B0589-63E2-429E-B4D6-A704BD3FD71D}"
EndProject
Global
	GlobalSection(SolutionConfigurationPlatforms) = preSolution
		Debug|Any CPU = Debug|Any CPU
		Release|Any CPU = Release|Any CPU
	EndGlobalSection
	GlobalSection(ProjectConfigurationPlatforms) = postSolution
		{127B0589-63E2-429E-B4D6-A704BD3FD71D}.Debug|Any CPU.ActiveCfg = Debug|Any CPU
		{127B0589-63E2-429E-B4D6-A704BD3FD71D}.Debug|Any CPU.Build.0 = Debug|Any CPU
		{127B0589-63E2-429E-B4D6-A704BD3FD71D}.Release|Any CPU.ActiveCfg = Release|Any CPU
		{127B0589-63E2-429E-B4D6-A704BD3FD71D}.Release|Any CPU.Build.0 = Release|Any CPU
	EndGlobalSection
	GlobalSection(SolutionProperties) = preSolution
		HideSolutionNode = FALSE
	EndGlobalSection
EndGlobal
